// !$*UTF8*$!
{
	archiveVersion = 1;
	classes = {
	};
	objectVersion = 46;
	objects = {

/* Begin PBXBuildFile section */
		63EB029E1D98DC1D00224434 /* AppDelegate.swift in Sources */ = {isa = PBXBuildFile; fileRef = 63EB029D1D98DC1D00224434 /* AppDelegate.swift */; };
		63EB02A01D98DC1D00224434 /* ViewController.swift in Sources */ = {isa = PBXBuildFile; fileRef = 63EB029F1D98DC1D00224434 /* ViewController.swift */; };
		63EB02A31D98DC1D00224434 /* Main.storyboard in Resources */ = {isa = PBXBuildFile; fileRef = 63EB02A11D98DC1D00224434 /* Main.storyboard */; };
		63EB02A51D98DC1D00224434 /* Assets.xcassets in Resources */ = {isa = PBXBuildFile; fileRef = 63EB02A41D98DC1D00224434 /* Assets.xcassets */; };
		63EB02A81D98DC1D00224434 /* LaunchScreen.storyboard in Resources */ = {isa = PBXBuildFile; fileRef = 63EB02A61D98DC1D00224434 /* LaunchScreen.storyboard */; };
		63EB02B31D98DC1D00224434 /* MyJRefreshTests.swift in Sources */ = {isa = PBXBuildFile; fileRef = 63EB02B21D98DC1D00224434 /* MyJRefreshTests.swift */; };
		63EB02BE1D98DC1D00224434 /* MyJRefreshUITests.swift in Sources */ = {isa = PBXBuildFile; fileRef = 63EB02BD1D98DC1D00224434 /* MyJRefreshUITests.swift */; };
		63EB02D21D98DC3900224434 /* JRefresh.swift in Sources */ = {isa = PBXBuildFile; fileRef = 63EB02CC1D98DC3900224434 /* JRefresh.swift */; };
		63EB02D31D98DC3900224434 /* JRefreshConst.swift in Sources */ = {isa = PBXBuildFile; fileRef = 63EB02CD1D98DC3900224434 /* JRefreshConst.swift */; };
		63EB02D41D98DC3900224434 /* JRefreshEnum.swift in Sources */ = {isa = PBXBuildFile; fileRef = 63EB02CE1D98DC3900224434 /* JRefreshEnum.swift */; };
		63EB02D51D98DC3900224434 /* JRefreshFooter.swift in Sources */ = {isa = PBXBuildFile; fileRef = 63EB02CF1D98DC3900224434 /* JRefreshFooter.swift */; };
		63EB02D61D98DC3900224434 /* JRefreshHeader.swift in Sources */ = {isa = PBXBuildFile; fileRef = 63EB02D01D98DC3900224434 /* JRefreshHeader.swift */; };
		63EB02D71D98DC3900224434 /* LCRefresh.xcassets in Resources */ = {isa = PBXBuildFile; fileRef = 63EB02D11D98DC3900224434 /* LCRefresh.xcassets */; };
/* End PBXBuildFile section */

/* Begin PBXContainerItemProxy section */
		63EB02AF1D98DC1D00224434 /* PBXContainerItemProxy */ = {
			isa = PBXContainerItemProxy;
			containerPortal = 63EB02921D98DC1D00224434 /* Project object */;
			proxyType = 1;
			remoteGlobalIDString = 63EB02991D98DC1D00224434;
			remoteInfo = MyJRefresh;
		};
		63EB02BA1D98DC1D00224434 /* PBXContainerItemProxy */ = {
			isa = PBXContainerItemProxy;
			containerPortal = 63EB02921D98DC1D00224434 /* Project object */;
			proxyType = 1;
			remoteGlobalIDString = 63EB02991D98DC1D00224434;
			remoteInfo = MyJRefresh;
		};
/* End PBXContainerItemProxy section */

/* Begin PBXFileReference section */
		63EB029A1D98DC1D00224434 /* MyJRefresh.app */ = {isa = PBXFileReference; explicitFileType = wrapper.application; includeInIndex = 0; path = MyJRefresh.app; sourceTree = BUILT_PRODUCTS_DIR; };
		63EB029D1D98DC1D00224434 /* AppDelegate.swift */ = {isa = PBXFileReference; lastKnownFileType = sourcecode.swift; path = AppDelegate.swift; sourceTree = "<group>"; };
		63EB029F1D98DC1D00224434 /* ViewController.swift */ = {isa = PBXFileReference; lastKnownFileType = sourcecode.swift; path = ViewController.swift; sourceTree = "<group>"; };
		63EB02A21D98DC1D00224434 /* Base */ = {isa = PBXFileReference; lastKnownFileType = file.storyboard; name = Base; path = Base.lproj/Main.storyboard; sourceTree = "<group>"; };
		63EB02A41D98DC1D00224434 /* Assets.xcassets */ = {isa = PBXFileReference; lastKnownFileType = folder.assetcatalog; path = Assets.xcassets; sourceTree = "<group>"; };
		63EB02A71D98DC1D00224434 /* Base */ = {isa = PBXFileReference; lastKnownFileType = file.storyboard; name = Base; path = Base.lproj/LaunchScreen.storyboard; sourceTree = "<group>"; };
		63EB02A91D98DC1D00224434 /* Info.plist */ = {isa = PBXFileReference; lastKnownFileType = text.plist.xml; path = Info.plist; sourceTree = "<group>"; };
		63EB02AE1D98DC1D00224434 /* MyJRefreshTests.xctest */ = {isa = PBXFileReference; explicitFileType = wrapper.cfbundle; includeInIndex = 0; path = MyJRefreshTests.xctest; sourceTree = BUILT_PRODUCTS_DIR; };
		63EB02B21D98DC1D00224434 /* MyJRefreshTests.swift */ = {isa = PBXFileReference; lastKnownFileType = sourcecode.swift; path = MyJRefreshTests.swift; sourceTree = "<group>"; };
		63EB02B41D98DC1D00224434 /* Info.plist */ = {isa = PBXFileReference; lastKnownFileType = text.plist.xml; path = Info.plist; sourceTree = "<group>"; };
		63EB02B91D98DC1D00224434 /* MyJRefreshUITests.xctest */ = {isa = PBXFileReference; explicitFileType = wrapper.cfbundle; includeInIndex = 0; path = MyJRefreshUITests.xctest; sourceTree = BUILT_PRODUCTS_DIR; };
		63EB02BD1D98DC1D00224434 /* MyJRefreshUITests.swift */ = {isa = PBXFileReference; lastKnownFileType = sourcecode.swift; path = MyJRefreshUITests.swift; sourceTree = "<group>"; };
		63EB02BF1D98DC1D00224434 /* Info.plist */ = {isa = PBXFileReference; lastKnownFileType = text.plist.xml; path = Info.plist; sourceTree = "<group>"; };
		63EB02CC1D98DC3900224434 /* JRefresh.swift */ = {isa = PBXFileReference; fileEncoding = 4; lastKnownFileType = sourcecode.swift; path = JRefresh.swift; sourceTree = "<group>"; };
		63EB02CD1D98DC3900224434 /* JRefreshConst.swift */ = {isa = PBXFileReference; fileEncoding = 4; lastKnownFileType = sourcecode.swift; path = JRefreshConst.swift; sourceTree = "<group>"; };
		63EB02CE1D98DC3900224434 /* JRefreshEnum.swift */ = {isa = PBXFileReference; fileEncoding = 4; lastKnownFileType = sourcecode.swift; path = JRefreshEnum.swift; sourceTree = "<group>"; };
		63EB02CF1D98DC3900224434 /* JRefreshFooter.swift */ = {isa = PBXFileReference; fileEncoding = 4; lastKnownFileType = sourcecode.swift; path = JRefreshFooter.swift; sourceTree = "<group>"; };
		63EB02D01D98DC3900224434 /* JRefreshHeader.swift */ = {isa = PBXFileReference; fileEncoding = 4; lastKnownFileType = sourcecode.swift; path = JRefreshHeader.swift; sourceTree = "<group>"; };
		63EB02D11D98DC3900224434 /* LCRefresh.xcassets */ = {isa = PBXFileReference; lastKnownFileType = folder.assetcatalog; path = LCRefresh.xcassets; sourceTree = "<group>"; };
/* End PBXFileReference section */

/* Begin PBXFrameworksBuildPhase section */
		63EB02971D98DC1D00224434 /* Frameworks */ = {
			isa = PBXFrameworksBuildPhase;
			buildActionMask = 2147483647;
			files = (
			);
			runOnlyForDeploymentPostprocessing = 0;
		};
		63EB02AB1D98DC1D00224434 /* Frameworks */ = {
			isa = PBXFrameworksBuildPhase;
			buildActionMask = 2147483647;
			files = (
			);
			runOnlyForDeploymentPostprocessing = 0;
		};
		63EB02B61D98DC1D00224434 /* Frameworks */ = {
			isa = PBXFrameworksBuildPhase;
			buildActionMask = 2147483647;
			files = (
			);
			runOnlyForDeploymentPostprocessing = 0;
		};
/* End PBXFrameworksBuildPhase section */

/* Begin PBXGroup section */
		63EB02911D98DC1D00224434 = {
			isa = PBXGroup;
			children = (
				63EB029C1D98DC1D00224434 /* MyJRefresh */,
				63EB02B11D98DC1D00224434 /* MyJRefreshTests */,
				63EB02BC1D98DC1D00224434 /* MyJRefreshUITests */,
				63EB029B1D98DC1D00224434 /* Products */,
			);
			sourceTree = "<group>";
		};
		63EB029B1D98DC1D00224434 /* Products */ = {
			isa = PBXGroup;
			children = (
				63EB029A1D98DC1D00224434 /* MyJRefresh.app */,
				63EB02AE1D98DC1D00224434 /* MyJRefreshTests.xctest */,
				63EB02B91D98DC1D00224434 /* MyJRefreshUITests.xctest */,
			);
			name = Products;
			sourceTree = "<group>";
		};
		63EB029C1D98DC1D00224434 /* MyJRefresh */ = {
			isa = PBXGroup;
			children = (
				63EB02CB1D98DC3900224434 /* Refresh */,
				63EB029D1D98DC1D00224434 /* AppDelegate.swift */,
				63EB029F1D98DC1D00224434 /* ViewController.swift */,
				63EB02A11D98DC1D00224434 /* Main.storyboard */,
				63EB02A41D98DC1D00224434 /* Assets.xcassets */,
				63EB02A61D98DC1D00224434 /* LaunchScreen.storyboard */,
				63EB02A91D98DC1D00224434 /* Info.plist */,
			);
			path = MyJRefresh;
			sourceTree = "<group>";
		};
		63EB02B11D98DC1D00224434 /* MyJRefreshTests */ = {
			isa = PBXGroup;
			children = (
				63EB02B21D98DC1D00224434 /* MyJRefreshTests.swift */,
				63EB02B41D98DC1D00224434 /* Info.plist */,
			);
			path = MyJRefreshTests;
			sourceTree = "<group>";
		};
		63EB02BC1D98DC1D00224434 /* MyJRefreshUITests */ = {
			isa = PBXGroup;
			children = (
				63EB02BD1D98DC1D00224434 /* MyJRefreshUITests.swift */,
				63EB02BF1D98DC1D00224434 /* Info.plist */,
			);
			path = MyJRefreshUITests;
			sourceTree = "<group>";
		};
		63EB02CB1D98DC3900224434 /* Refresh */ = {
			isa = PBXGroup;
			children = (
				63EB02CC1D98DC3900224434 /* JRefresh.swift */,
				63EB02CD1D98DC3900224434 /* JRefreshConst.swift */,
				63EB02CE1D98DC3900224434 /* JRefreshEnum.swift */,
				63EB02CF1D98DC3900224434 /* JRefreshFooter.swift */,
				63EB02D01D98DC3900224434 /* JRefreshHeader.swift */,
				63EB02D11D98DC3900224434 /* LCRefresh.xcassets */,
			);
			path = Refresh;
			sourceTree = "<group>";
		};
/* End PBXGroup section */

/* Begin PBXNativeTarget section */
		63EB02991D98DC1D00224434 /* MyJRefresh */ = {
			isa = PBXNativeTarget;
			buildConfigurationList = 63EB02C21D98DC1D00224434 /* Build configuration list for PBXNativeTarget "MyJRefresh" */;
			buildPhases = (
				63EB02961D98DC1D00224434 /* Sources */,
				63EB02971D98DC1D00224434 /* Frameworks */,
				63EB02981D98DC1D00224434 /* Resources */,
			);
			buildRules = (
			);
			dependencies = (
			);
			name = MyJRefresh;
			productName = MyJRefresh;
			productReference = 63EB029A1D98DC1D00224434 /* MyJRefresh.app */;
			productType = "com.apple.product-type.application";
		};
		63EB02AD1D98DC1D00224434 /* MyJRefreshTests */ = {
			isa = PBXNativeTarget;
			buildConfigurationList = 63EB02C51D98DC1D00224434 /* Build configuration list for PBXNativeTarget "MyJRefreshTests" */;
			buildPhases = (
				63EB02AA1D98DC1D00224434 /* Sources */,
				63EB02AB1D98DC1D00224434 /* Frameworks */,
				63EB02AC1D98DC1D00224434 /* Resources */,
			);
			buildRules = (
			);
			dependencies = (
				63EB02B01D98DC1D00224434 /* PBXTargetDependency */,
			);
			name = MyJRefreshTests;
			productName = MyJRefreshTests;
			productReference = 63EB02AE1D98DC1D00224434 /* MyJRefreshTests.xctest */;
			productType = "com.apple.product-type.bundle.unit-test";
		};
		63EB02B81D98DC1D00224434 /* MyJRefreshUITests */ = {
			isa = PBXNativeTarget;
			buildConfigurationList = 63EB02C81D98DC1D00224434 /* Build configuration list for PBXNativeTarget "MyJRefreshUITests" */;
			buildPhases = (
				63EB02B51D98DC1D00224434 /* Sources */,
				63EB02B61D98DC1D00224434 /* Frameworks */,
				63EB02B71D98DC1D00224434 /* Resources */,
			);
			buildRules = (
			);
			dependencies = (
				63EB02BB1D98DC1D00224434 /* PBXTargetDependency */,
			);
			name = MyJRefreshUITests;
			productName = MyJRefreshUITests;
			productReference = 63EB02B91D98DC1D00224434 /* MyJRefreshUITests.xctest */;
			productType = "com.apple.product-type.bundle.ui-testing";
		};
/* End PBXNativeTarget section */

/* Begin PBXProject section */
		63EB02921D98DC1D00224434 /* Project object */ = {
			isa = PBXProject;
			attributes = {
				LastSwiftUpdateCheck = 0800;
				LastUpgradeCheck = 0800;
				ORGANIZATIONNAME = dd;
				TargetAttributes = {
					63EB02991D98DC1D00224434 = {
						CreatedOnToolsVersion = 8.0;
						ProvisioningStyle = Automatic;
					};
					63EB02AD1D98DC1D00224434 = {
						CreatedOnToolsVersion = 8.0;
						ProvisioningStyle = Automatic;
						TestTargetID = 63EB02991D98DC1D00224434;
					};
					63EB02B81D98DC1D00224434 = {
						CreatedOnToolsVersion = 8.0;
						ProvisioningStyle = Automatic;
						TestTargetID = 63EB02991D98DC1D00224434;
					};
				};
			};
			buildConfigurationList = 63EB02951D98DC1D00224434 /* Build configuration list for PBXProject "MyJRefresh" */;
			compatibilityVersion = "Xcode 3.2";
			developmentRegion = English;
			hasScannedForEncodings = 0;
			knownRegions = (
				en,
				Base,
			);
			mainGroup = 63EB02911D98DC1D00224434;
			productRefGroup = 63EB029B1D98DC1D00224434 /* Products */;
			projectDirPath = "";
			projectRoot = "";
			targets = (
				63EB02991D98DC1D00224434 /* MyJRefresh */,
				63EB02AD1D98DC1D00224434 /* MyJRefreshTests */,
				63EB02B81D98DC1D00224434 /* MyJRefreshUITests */,
			);
		};
/* End PBXProject section */

/* Begin PBXResourcesBuildPhase section */
		63EB02981D98DC1D00224434 /* Resources */ = {
			isa = PBXResourcesBuildPhase;
			buildActionMask = 2147483647;
			files = (
				63EB02D71D98DC3900224434 /* LCRefresh.xcassets in Resources */,
				63EB02A81D98DC1D00224434 /* LaunchScreen.storyboard in Resources */,
				63EB02A51D98DC1D00224434 /* Assets.xcassets in Resources */,
				63EB02A31D98DC1D00224434 /* Main.storyboard in Resources */,
			);
			runOnlyForDeploymentPostprocessing = 0;
		};
		63EB02AC1D98DC1D00224434 /* Resources */ = {
			isa = PBXResourcesBuildPhase;
			buildActionMask = 2147483647;
			files = (
			);
			runOnlyForDeploymentPostprocessing = 0;
		};
		63EB02B71D98DC1D00224434 /* Resources */ = {
			isa = PBXResourcesBuildPhase;
			buildActionMask = 2147483647;
			files = (
			);
			runOnlyForDeploymentPostprocessing = 0;
		};
/* End PBXResourcesBuildPhase section */

/* Begin PBXSourcesBuildPhase section */
		63EB02961D98DC1D00224434 /* Sources */ = {
			isa = PBXSourcesBuildPhase;
			buildActionMask = 2147483647;
			files = (
				63EB02D41D98DC3900224434 /* JRefreshEnum.swift in Sources */,
				63EB02A01D98DC1D00224434 /* ViewController.swift in Sources */,
				63EB02D21D98DC3900224434 /* JRefresh.swift in Sources */,
				63EB02D61D98DC3900224434 /* JRefreshHeader.swift in Sources */,
				63EB02D51D98DC3900224434 /* JRefreshFooter.swift in Sources */,
				63EB02D31D98DC3900224434 /* JRefreshConst.swift in Sources */,
				63EB029E1D98DC1D00224434 /* AppDelegate.swift in Sources */,
			);
			runOnlyForDeploymentPostprocessing = 0;
		};
		63EB02AA1D98DC1D00224434 /* Sources */ = {
			isa = PBXSourcesBuildPhase;
			buildActionMask = 2147483647;
			files = (
				63EB02B31D98DC1D00224434 /* MyJRefreshTests.swift in Sources */,
			);
			runOnlyForDeploymentPostprocessing = 0;
		};
		63EB02B51D98DC1D00224434 /* Sources */ = {
			isa = PBXSourcesBuildPhase;
			buildActionMask = 2147483647;
			files = (
				63EB02BE1D98DC1D00224434 /* MyJRefreshUITests.swift in Sources */,
			);
			runOnlyForDeploymentPostprocessing = 0;
		};
/* End PBXSourcesBuildPhase section */

/* Begin PBXTargetDependency section */
		63EB02B01D98DC1D00224434 /* PBXTargetDependency */ = {
			isa = PBXTargetDependency;
			target = 63EB02991D98DC1D00224434 /* MyJRefresh */;
			targetProxy = 63EB02AF1D98DC1D00224434 /* PBXContainerItemProxy */;
		};
		63EB02BB1D98DC1D00224434 /* PBXTargetDependency */ = {
			isa = PBXTargetDependency;
			target = 63EB02991D98DC1D00224434 /* MyJRefresh */;
			targetProxy = 63EB02BA1D98DC1D00224434 /* PBXContainerItemProxy */;
		};
/* End PBXTargetDependency section */

/* Begin PBXVariantGroup section */
		63EB02A11D98DC1D00224434 /* Main.storyboard */ = {
			isa = PBXVariantGroup;
			children = (
				63EB02A21D98DC1D00224434 /* Base */,
			);
			name = Main.storyboard;
			sourceTree = "<group>";
		};
		63EB02A61D98DC1D00224434 /* LaunchScreen.storyboard */ = {
			isa = PBXVariantGroup;
			children = (
				63EB02A71D98DC1D00224434 /* Base */,
			);
			name = LaunchScreen.storyboard;
			sourceTree = "<group>";
		};
/* End PBXVariantGroup section */

/* Begin XCBuildConfiguration section */
		63EB02C01D98DC1D00224434 /* Debug */ = {
			isa = XCBuildConfiguration;
			buildSettings = {
				ALWAYS_SEARCH_USER_PATHS = NO;
				CLANG_ANALYZER_NONNULL = YES;
				CLANG_CXX_LANGUAGE_STANDARD = "gnu++0x";
				CLANG_CXX_LIBRARY = "libc++";
				CLANG_ENABLE_MODULES = YES;
				CLANG_ENABLE_OBJC_ARC = YES;
				CLANG_WARN_BOOL_CONVERSION = YES;
				CLANG_WARN_CONSTANT_CONVERSION = YES;
				CLANG_WARN_DIRECT_OBJC_ISA_USAGE = YES_ERROR;
				CLANG_WARN_DOCUMENTATION_COMMENTS = YES;
				CLANG_WARN_EMPTY_BODY = YES;
				CLANG_WARN_ENUM_CONVERSION = YES;
				CLANG_WARN_INFINITE_RECURSION = YES;
				CLANG_WARN_INT_CONVERSION = YES;
				CLANG_WARN_OBJC_ROOT_CLASS = YES_ERROR;
				CLANG_WARN_SUSPICIOUS_MOVES = YES;
				CLANG_WARN_UNREACHABLE_CODE = YES;
				CLANG_WARN__DUPLICATE_METHOD_MATCH = YES;
				"CODE_SIGN_IDENTITY[sdk=iphoneos*]" = "iPhone Developer";
				COPY_PHASE_STRIP = NO;
				DEBUG_INFORMATION_FORMAT = dwarf;
				ENABLE_STRICT_OBJC_MSGSEND = YES;
				ENABLE_TESTABILITY = YES;
				GCC_C_LANGUAGE_STANDARD = gnu99;
				GCC_DYNAMIC_NO_PIC = NO;
				GCC_NO_COMMON_BLOCKS = YES;
				GCC_OPTIMIZATION_LEVEL = 0;
				GCC_PREPROCESSOR_DEFINITIONS = (
					"DEBUG=1",
					"$(inherited)",
				);
				GCC_WARN_64_TO_32_BIT_CONVERSION = YES;
				GCC_WARN_ABOUT_RETURN_TYPE = YES_ERROR;
				GCC_WARN_UNDECLARED_SELECTOR = YES;
				GCC_WARN_UNINITIALIZED_AUTOS = YES_AGGRESSIVE;
				GCC_WARN_UNUSED_FUNCTION = YES;
				GCC_WARN_UNUSED_VARIABLE = YES;
				IPHONEOS_DEPLOYMENT_TARGET = 10.0;
				MTL_ENABLE_DEBUG_INFO = YES;
				ONLY_ACTIVE_ARCH = YES;
				SDKROOT = iphoneos;
				SWIFT_ACTIVE_COMPILATION_CONDITIONS = DEBUG;
				SWIFT_OPTIMIZATION_LEVEL = "-Onone";
				TARGETED_DEVICE_FAMILY = "1,2";
			};
			name = Debug;
		};
		63EB02C11D98DC1D00224434 /* Release */ = {
			isa = XCBuildConfiguration;
			buildSettings = {
				ALWAYS_SEARCH_USER_PATHS = NO;
				CLANG_ANALYZER_NONNULL = YES;
				CLANG_CXX_LANGUAGE_STANDARD = "gnu++0x";
				CLANG_CXX_LIBRARY = "libc++";
				CLANG_ENABLE_MODULES = YES;
				CLANG_ENABLE_OBJC_ARC = YES;
				CLANG_WARN_BOOL_CONVERSION = YES;
				CLANG_WARN_CONSTANT_CONVERSION = YES;
				CLANG_WARN_DIRECT_OBJC_ISA_USAGE = YES_ERROR;
				CLANG_WARN_DOCUMENTATION_COMMENTS = YES;
				CLANG_WARN_EMPTY_BODY = YES;
				CLANG_WARN_ENUM_CONVERSION = YES;
				CLANG_WARN_INFINITE_RECURSION = YES;
				CLANG_WARN_INT_CONVERSION = YES;
				CLANG_WARN_OBJC_ROOT_CLASS = YES_ERROR;
				CLANG_WARN_SUSPICIOUS_MOVES = YES;
				CLANG_WARN_UNREACHABLE_CODE = YES;
				CLANG_WARN__DUPLICATE_METHOD_MATCH = YES;
				"CODE_SIGN_IDENTITY[sdk=iphoneos*]" = "iPhone Developer";
				COPY_PHASE_STRIP = NO;
				DEBUG_INFORMATION_FORMAT = "dwarf-with-dsym";
				ENABLE_NS_ASSERTIONS = NO;
				ENABLE_STRICT_OBJC_MSGSEND = YES;
				GCC_C_LANGUAGE_STANDARD = gnu99;
				GCC_NO_COMMON_BLOCKS = YES;
				GCC_WARN_64_TO_32_BIT_CONVERSION = YES;
				GCC_WARN_ABOUT_RETURN_TYPE = YES_ERROR;
				GCC_WARN_UNDECLARED_SELECTOR = YES;
				GCC_WARN_UNINITIALIZED_AUTOS = YES_AGGRESSIVE;
				GCC_WARN_UNUSED_FUNCTION = YES;
				GCC_WARN_UNUSED_VARIABLE = YES;
				IPHONEOS_DEPLOYMENT_TARGET = 10.0;
				MTL_ENABLE_DEBUG_INFO = NO;
				SDKROOT = iphoneos;
				SWIFT_OPTIMIZATION_LEVEL = "-Owholemodule";
				TARGETED_DEVICE_FAMILY = "1,2";
				VALIDATE_PRODUCT = YES;
			};
			name = Release;
		};
		63EB02C31D98DC1D00224434 /* Debug */ = {
			isa = XCBuildConfiguration;
			buildSettings = {
				ASSETCATALOG_COMPILER_APPICON_NAME = AppIcon;
				INFOPLIST_FILE = MyJRefresh/Info.plist;
				LD_RUNPATH_SEARCH_PATHS = "$(inherited) @executable_path/Frameworks";
				PRODUCT_BUNDLE_IDENTIFIER = com.chaoshao.MyJRefresh;
				PRODUCT_NAME = "$(TARGET_NAME)";
				SWIFT_VERSION = 3.0;
			};
			name = Debug;
		};
		63EB02C41D98DC1D00224434 /* Release */ = {
			isa = XCBuildConfiguration;
			buildSettings = {
				ASSETCATALOG_COMPILER_APPICON_NAME = AppIcon;
				INFOPLIST_FILE = MyJRefresh/Info.plist;
				LD_RUNPATH_SEARCH_PATHS = "$(inherited) @executable_path/Frameworks";
				PRODUCT_BUNDLE_IDENTIFIER = com.chaoshao.MyJRefresh;
				PRODUCT_NAME = "$(TARGET_NAME)";
				SWIFT_VERSION = 3.0;
			};
			name = Release;
		};
		63EB02C61D98DC1D00224434 /* Debug */ = {
			isa = XCBuildConfiguration;
			buildSettings = {
				ALWAYS_EMBED_SWIFT_STANDARD_LIBRARIES = YES;
				BUNDLE_LOADER = "$(TEST_HOST)";
				INFOPLIST_FILE = MyJRefreshTests/Info.plist;
				LD_RUNPATH_SEARCH_PATHS = "$(inherited) @executable_path/Frameworks @loader_path/Frameworks";
				PRODUCT_BUNDLE_IDENTIFIER = com.chaoshao.MyJRefreshTests;
				PRODUCT_NAME = "$(TARGET_NAME)";
				SWIFT_VERSION = 3.0;
				TEST_HOST = "$(BUILT_PRODUCTS_DIR)/MyJRefresh.app/MyJRefresh";
			};
			name = Debug;
		};
		63EB02C71D98DC1D00224434 /* Release */ = {
			isa = XCBuildConfiguration;
			buildSettings = {
				ALWAYS_EMBED_SWIFT_STANDARD_LIBRARIES = YES;
				BUNDLE_LOADER = "$(TEST_HOST)";
				INFOPLIST_FILE = MyJRefreshTests/Info.plist;
				LD_RUNPATH_SEARCH_PATHS = "$(inherited) @executable_path/Frameworks @loader_path/Frameworks";
				PRODUCT_BUNDLE_IDENTIFIER = com.chaoshao.MyJRefreshTests;
				PRODUCT_NAME = "$(TARGET_NAME)";
				SWIFT_VERSION = 3.0;
				TEST_HOST = "$(BUILT_PRODUCTS_DIR)/MyJRefresh.app/MyJRefresh";
			};
			name = Release;
		};
		63EB02C91D98DC1D00224434 /* Debug */ = {
			isa = XCBuildConfiguration;
			buildSettings = {
				ALWAYS_EMBED_SWIFT_STANDARD_LIBRARIES = YES;
				INFOPLIST_FILE = MyJRefreshUITests/Info.plist;
				LD_RUNPATH_SEARCH_PATHS = "$(inherited) @executable_path/Frameworks @loader_path/Frameworks";
				PRODUCT_BUNDLE_IDENTIFIER = com.chaoshao.MyJRefreshUITests;
				PRODUCT_NAME = "$(TARGET_NAME)";
				SWIFT_VERSION = 3.0;
				TEST_TARGET_NAME = MyJRefresh;
			};
			name = Debug;
		};
		63EB02CA1D98DC1D00224434 /* Release */ = {
			isa = XCBuildConfiguration;
			buildSettings = {
				ALWAYS_EMBED_SWIFT_STANDARD_LIBRARIES = YES;
				INFOPLIST_FILE = MyJRefreshUITests/Info.plist;
				LD_RUNPATH_SEARCH_PATHS = "$(inherited) @executable_path/Frameworks @loader_path/Frameworks";
				PRODUCT_BUNDLE_IDENTIFIER = com.chaoshao.MyJRefreshUITests;
				PRODUCT_NAME = "$(TARGET_NAME)";
				SWIFT_VERSION = 3.0;
				TEST_TARGET_NAME = MyJRefresh;
			};
			name = Release;
		};
/* End XCBuildConfiguration section */

/* Begin XCConfigurationList section */
		63EB02951D98DC1D00224434 /* Build configuration list for PBXProject "MyJRefresh" */ = {
			isa = XCConfigurationList;
			buildConfigurations = (
				63EB02C01D98DC1D00224434 /* Debug */,
				63EB02C11D98DC1D00224434 /* Release */,
			);
			defaultConfigurationIsVisible = 0;
			defaultConfigurationName = Release;
		};
		63EB02C21D98DC1D00224434 /* Build configuration list for PBXNativeTarget "MyJRefresh" */ = {
			isa = XCConfigurationList;
			buildConfigurations = (
				63EB02C31D98DC1D00224434 /* Debug */,
				63EB02C41D98DC1D00224434 /* Release */,
			);
			defaultConfigurationIsVisible = 0;
		};
		63EB02C51D98DC1D00224434 /* Build configuration list for PBXNativeTarget "MyJRefreshTests" */ = {
			isa = XCConfigurationList;
			buildConfigurations = (
				63EB02C61D98DC1D00224434 /* Debug */,
				63EB02C71D98DC1D00224434 /* Release */,
			);
			defaultConfigurationIsVisible = 0;
		};
		63EB02C81D98DC1D00224434 /* Build configuration list for PBXNativeTarget "MyJRefreshUITests" */ = {
			isa = XCConfigurationList;
			buildConfigurations = (
				63EB02C91D98DC1D00224434 /* Debug */,
				63EB02CA1D98DC1D00224434 /* Release */,
			);
			defaultConfigurationIsVisible = 0;
		};
/* End XCConfigurationList section */
	};
	rootObject = 63EB02921D98DC1D00224434 /* Project object */;
}
